
Microsoft Visual Studio Solution File, Format Version 12.00
# Visual Studio Version 16
VisualStudioVersion = 16.0.32228.343
MinimumVisualStudioVersion = 10.0.40219.1
Project("{FAE04EC0-301F-11D3-BF4B-00C04F79EFBC}") = "tasks", "tasks\tasks.csproj", "{57D4C62A-B6F9-46C3-9ECE-D5A08E3D2EE9}"
EndProject
Global
	GlobalSection(SolutionConfigurationPlatforms) = preSolution
		Debug|Any CPU = Debug|Any CPU
		Release|Any CPU = Release|Any CPU
	EndGlobalSection
	GlobalSection(ProjectConfigurationPlatforms) = postSolution
		{57D4C62A-B6F9-46C3-9ECE-D5A08E3D2EE9}.Debug|Any CPU.ActiveCfg = Debug|Any CPU
		{57D4C62A-B6F9-46C3-9ECE-D5A08E3D2EE9}.Debug|Any CPU.Build.0 = Debug|Any CPU
		{57D4C62A-B6F9-46C3-9ECE-D5A08E3D2EE9}.Release|Any CPU.ActiveCfg = Release|Any CPU
		{57D4C62A-B6F9-46C3-9ECE-D5A08E3D2EE9}.Release|Any CPU.Build.0 = Release|Any CPU
	EndGlobalSection
	GlobalSection(SolutionProperties) = preSolution
		HideSolutionNode = FALSE
	EndGlobalSection
	GlobalSection(ExtensibilityGlobals) = postSolution
		SolutionGuid = {88470EF6-4E67-45AE-8108-6346B80A15B8}
	EndGlobalSection
EndGlobal
